
Microsoft Visual Studio Solution File, Format Version 12.00
# Visual Studio Version 16
VisualStudioVersion = 16.0.30114.105
MinimumVisualStudioVersion = 10.0.40219.1
Project("{2150E333-8FDC-42A3-9474-1A3956D46DE8}") = "source", "source", "{B029339A-FBEB-485A-A27A-A1A302BC1BF0}"
EndProject
Project("{FAE04EC0-301F-11D3-BF4B-00C04F79EFBC}") = "TCSandBox", "source\TCSandBox\TCSandBox.csproj", "{0AC3FAB4-D82E-4375-8F78-8F5FA6FD9859}"
EndProject
Global
	GlobalSection(SolutionConfigurationPlatforms) = preSolution
		Debug|Any CPU = Debug|Any CPU
		Release|Any CPU = Release|Any CPU
	EndGlobalSection
	GlobalSection(SolutionProperties) = preSolution
		HideSolutionNode = FALSE
	EndGlobalSection
	GlobalSection(ProjectConfigurationPlatforms) = postSolution
		{0AC3FAB4-D82E-4375-8F78-8F5FA6FD9859}.Debug|Any CPU.ActiveCfg = Debug|Any CPU
		{0AC3FAB4-D82E-4375-8F78-8F5FA6FD9859}.Debug|Any CPU.Build.0 = Debug|Any CPU
		{0AC3FAB4-D82E-4375-8F78-8F5FA6FD9859}.Release|Any CPU.ActiveCfg = Release|Any CPU
		{0AC3FAB4-D82E-4375-8F78-8F5FA6FD9859}.Release|Any CPU.Build.0 = Release|Any CPU
	EndGlobalSection
	GlobalSection(NestedProjects) = preSolution
		{0AC3FAB4-D82E-4375-8F78-8F5FA6FD9859} = {B029339A-FBEB-485A-A27A-A1A302BC1BF0}
	EndGlobalSection
EndGlobal
